
Microsoft Visual Studio Solution File, Format Version 12.00
# Visual Studio Version 17
VisualStudioVersion = 17.5.002.0
MinimumVisualStudioVersion = 10.0.40219.1
Project("{9A19103F-16F7-4668-BE54-9A1E7A4F7556}") = "ProjetoJunho", "ProjetoJunho\ProjetoJunho.csproj", "{C93E02BA-7366-4526-8094-A39AC1040EED}"
EndProject
Global
	GlobalSection(SolutionConfigurationPlatforms) = preSolution
		Debug|Any CPU = Debug|Any CPU
		Release|Any CPU = Release|Any CPU
	EndGlobalSection
	GlobalSection(ProjectConfigurationPlatforms) = postSolution
		{C93E02BA-7366-4526-8094-A39AC1040EED}.Debug|Any CPU.ActiveCfg = Debug|Any CPU
		{C93E02BA-7366-4526-8094-A39AC1040EED}.Debug|Any CPU.Build.0 = Debug|Any CPU
		{C93E02BA-7366-4526-8094-A39AC1040EED}.Release|Any CPU.ActiveCfg = Release|Any CPU
		{C93E02BA-7366-4526-8094-A39AC1040EED}.Release|Any CPU.Build.0 = Release|Any CPU
	EndGlobalSection
	GlobalSection(SolutionProperties) = preSolution
		HideSolutionNode = FALSE
	EndGlobalSection
	GlobalSection(ExtensibilityGlobals) = postSolution
		SolutionGuid = {274211AD-0D83-4787-ABDF-5595BBBDB826}
	EndGlobalSection
EndGlobal
